
Microsoft Visual Studio Solution File, Format Version 12.00
# Visual Studio Version 17
VisualStudioVersion = 17.10.34916.146
MinimumVisualStudioVersion = 10.0.40219.1
Project("{9A19103F-16F7-4668-BE54-9A1E7A4F7556}") = "MediatorExamples-Api", "src\api\MediatorExamples-Api.csproj", "{9212D937-49DB-453A-A2D7-A702C9AE4A1A}"
	ProjectSection(ProjectDependencies) = postProject
		{AB0B261B-D2E6-4138-817B-22D24068761C} = {AB0B261B-D2E6-4138-817B-22D24068761C}
	EndProjectSection
EndProject
Project("{FAE04EC0-301F-11D3-BF4B-00C04F79EFBC}") = "MediatorExamples-Application", "src\application\MediatorExamples-Application\MediatorExamples-Application.csproj", "{AB0B261B-D2E6-4138-817B-22D24068761C}"
EndProject
Project("{FAE04EC0-301F-11D3-BF4B-00C04F79EFBC}") = "MediatorExamples-Domain", "src\domain\MediatorExamples-Domain\MediatorExamples-Domain.csproj", "{E5286E94-F0E6-4C8D-848F-F0D7213E02EC}"
EndProject
Project("{FAE04EC0-301F-11D3-BF4B-00C04F79EFBC}") = "MediatorExamples-Db", "src\infrastructure\MediatorExamples-Db\MediatorExamples-Db.csproj", "{68075C8C-15D5-41E8-89A0-BCBFD2F4864D}"
	ProjectSection(ProjectDependencies) = postProject
		{E5286E94-F0E6-4C8D-848F-F0D7213E02EC} = {E5286E94-F0E6-4C8D-848F-F0D7213E02EC}
	EndProjectSection
EndProject
Global
	GlobalSection(SolutionConfigurationPlatforms) = preSolution
		Debug|Any CPU = Debug|Any CPU
		Release|Any CPU = Release|Any CPU
	EndGlobalSection
	GlobalSection(ProjectConfigurationPlatforms) = postSolution
		{9212D937-49DB-453A-A2D7-A702C9AE4A1A}.Debug|Any CPU.ActiveCfg = Debug|Any CPU
		{9212D937-49DB-453A-A2D7-A702C9AE4A1A}.Debug|Any CPU.Build.0 = Debug|Any CPU
		{9212D937-49DB-453A-A2D7-A702C9AE4A1A}.Release|Any CPU.ActiveCfg = Release|Any CPU
		{9212D937-49DB-453A-A2D7-A702C9AE4A1A}.Release|Any CPU.Build.0 = Release|Any CPU
		{AB0B261B-D2E6-4138-817B-22D24068761C}.Debug|Any CPU.ActiveCfg = Debug|Any CPU
		{AB0B261B-D2E6-4138-817B-22D24068761C}.Debug|Any CPU.Build.0 = Debug|Any CPU
		{AB0B261B-D2E6-4138-817B-22D24068761C}.Release|Any CPU.ActiveCfg = Release|Any CPU
		{AB0B261B-D2E6-4138-817B-22D24068761C}.Release|Any CPU.Build.0 = Release|Any CPU
		{E5286E94-F0E6-4C8D-848F-F0D7213E02EC}.Debug|Any CPU.ActiveCfg = Debug|Any CPU
		{E5286E94-F0E6-4C8D-848F-F0D7213E02EC}.Debug|Any CPU.Build.0 = Debug|Any CPU
		{E5286E94-F0E6-4C8D-848F-F0D7213E02EC}.Release|Any CPU.ActiveCfg = Release|Any CPU
		{E5286E94-F0E6-4C8D-848F-F0D7213E02EC}.Release|Any CPU.Build.0 = Release|Any CPU
		{68075C8C-15D5-41E8-89A0-BCBFD2F4864D}.Debug|Any CPU.ActiveCfg = Debug|Any CPU
		{68075C8C-15D5-41E8-89A0-BCBFD2F4864D}.Debug|Any CPU.Build.0 = Debug|Any CPU
		{68075C8C-15D5-41E8-89A0-BCBFD2F4864D}.Release|Any CPU.ActiveCfg = Release|Any CPU
		{68075C8C-15D5-41E8-89A0-BCBFD2F4864D}.Release|Any CPU.Build.0 = Release|Any CPU
	EndGlobalSection
	GlobalSection(SolutionProperties) = preSolution
		HideSolutionNode = FALSE
	EndGlobalSection
	GlobalSection(ExtensibilityGlobals) = postSolution
		SolutionGuid = {732154CB-9CFD-4A2B-BBC1-CC3AE4F6BFA1}
	EndGlobalSection
EndGlobal
